Microsoft Visual Studio Solution File, Format Version 12.00
# Visual Studio Version 17
VisualStudioVersion = 17.5.2.0
MinimumVisualStudioVersion = 10.0.40219.1
Project("{2150E333-8FDC-42A3-9474-1A3956D46DE8}") = "DIS.Backend", "DIS.Backend", "{030A4D7E-3A84-DFC9-7DC8-6E9E0DE52A67}"
EndProject
Project("{FAE04EC0-301F-11D3-BF4B-00C04F79EFBC}") = "DIS.ApiTwo", "DIS.Backend\DIS.ApiTwo.csproj", "{C7115B6E-2212-9BC0-4FDA-9F95E87423B4}"
EndProject
Global
	GlobalSection(SolutionConfigurationPlatforms) = preSolution
		Debug|Any CPU = Debug|Any CPU
		Release|Any CPU = Release|Any CPU
	EndGlobalSection
	GlobalSection(ProjectConfigurationPlatforms) = postSolution
		{C7115B6E-2212-9BC0-4FDA-9F95E87423B4}.Debug|Any CPU.ActiveCfg = Debug|Any CPU
		{C7115B6E-2212-9BC0-4FDA-9F95E87423B4}.Debug|Any CPU.Build.0 = Debug|Any CPU
		{C7115B6E-2212-9BC0-4FDA-9F95E87423B4}.Release|Any CPU.ActiveCfg = Release|Any CPU
		{C7115B6E-2212-9BC0-4FDA-9F95E87423B4}.Release|Any CPU.Build.0 = Release|Any CPU
	EndGlobalSection
	GlobalSection(SolutionProperties) = preSolution
		HideSolutionNode = FALSE
	EndGlobalSection
	GlobalSection(NestedProjects) = preSolution
		{C7115B6E-2212-9BC0-4FDA-9F95E87423B4} = {030A4D7E-3A84-DFC9-7DC8-6E9E0DE52A67}
	EndGlobalSection
	GlobalSection(ExtensibilityGlobals) = postSolution
		SolutionGuid = {1B2AD725-63F7-4110-922F-7B4CE63DDE45}
	EndGlobalSection
EndGlobal
